
Microsoft Visual Studio Solution File, Format Version 12.00
# Visual Studio Version 16
VisualStudioVersion = 16.0.29009.5
MinimumVisualStudioVersion = 10.0.40219.1
Project("{FAE04EC0-301F-11D3-BF4B-00C04F79EFBC}") = "LDGJ45", "LDGJ45\LDGJ45.csproj", "{2C0408EC-7498-4651-B6E5-7842CB2372CA}"
EndProject
Global
	GlobalSection(SolutionConfigurationPlatforms) = preSolution
		Debug|Any CPU = Debug|Any CPU
		Release|Any CPU = Release|Any CPU
	EndGlobalSection
	GlobalSection(ProjectConfigurationPlatforms) = postSolution
		{2C0408EC-7498-4651-B6E5-7842CB2372CA}.Debug|Any CPU.ActiveCfg = Debug|Any CPU
		{2C0408EC-7498-4651-B6E5-7842CB2372CA}.Debug|Any CPU.Build.0 = Debug|Any CPU
		{2C0408EC-7498-4651-B6E5-7842CB2372CA}.Release|Any CPU.ActiveCfg = Release|Any CPU
		{2C0408EC-7498-4651-B6E5-7842CB2372CA}.Release|Any CPU.Build.0 = Release|Any CPU
	EndGlobalSection
	GlobalSection(SolutionProperties) = preSolution
		HideSolutionNode = FALSE
	EndGlobalSection
	GlobalSection(ExtensibilityGlobals) = postSolution
		SolutionGuid = {A66250BC-0CDC-4C93-BB3D-F7F3508E2E7E}
	EndGlobalSection
EndGlobal
